<?xml version="1.0" encoding="utf-8"?>
<Project ToolsVersion="4.0" xmlns="http://schemas.microsoft.com/developer/msbuild/2003">
  <ItemGroup>
    <Filter Include="소스 파일">
      <UniqueIdentifier>{4FC737F1-C7A5-4376-A066-2A32D752A2FF}</UniqueIdentifier>
      <Extensions>cpp;c;cc;cxx;c++;cppm;ixx;def;odl;idl;hpj;bat;asm;asmx</Extensions>
    </Filter>
    <Filter Include="헤더 파일">
      <UniqueIdentifier>{93995380-89BD-4b04-88EB-625FBE52EBFB}</UniqueIdentifier>
      <Extensions>h;hh;hpp;hxx;h++;hm;inl;inc;ipp;xsd</Extensions>
    </Filter>
    <Filter Include="리소스 파일">
      <UniqueIdentifier>{67DA6AB6-F800-4c08-8B7A-83BB121AAD01}</UniqueIdentifier>
      <Extensions>rc;ico;cur;bmp;dlg;rc2;rct;bin;rgs;gif;jpg;jpeg;jpe;resx;tiff;tif;png;wav;mfcribbon-ms</Extensions>
    </Filter>
    <Filter Include="소스 파일\BackTracking">
      <UniqueIdentifier>{7e695aa9-113f-4ff3-b1bb-929035953048}</UniqueIdentifier>
    </Filter>
    <Filter Include="소스 파일\BruteForce">
      <UniqueIdentifier>{d5a48ef5-cb28-4b30-8679-536fce7f9182}</UniqueIdentifier>
    </Filter>
  </ItemGroup>
  <ItemGroup>
    <ClCompile Include="_15649_N_and_M.cpp">
      <Filter>소스 파일\BackTracking</Filter>
    </ClCompile>
    <ClCompile Include="_2798_BlackJack.cpp">
      <Filter>소스 파일\BruteForce</Filter>
    </ClCompile>
    <ClCompile Include="_2231_disassemble_sum.cpp">
      <Filter>소스 파일\BruteForce</Filter>
    </ClCompile>
    <ClCompile Include="_15650_N_and_M_2.cpp">
      <Filter>소스 파일\BackTracking</Filter>
    </ClCompile>
    <ClCompile Include="_15651_N_and_M_3.cpp">
      <Filter>소스 파일\BackTracking</Filter>
    </ClCompile>
    <ClCompile Include="_15652_N_and_M_4.cpp">
      <Filter>소스 파일\BackTracking</Filter>
    </ClCompile>
    <ClCompile Include="_9663_N_Queen.cpp">
      <Filter>소스 파일\BackTracking</Filter>
    </ClCompile>
  </ItemGroup>
</Project>